
Microsoft Visual Studio Solution File, Format Version 12.00
# Visual Studio Version 16
VisualStudioVersion = 16.0.30907.101
MinimumVisualStudioVersion = 10.0.40219.1
Project("{FAE04EC0-301F-11D3-BF4B-00C04F79EFBC}") = "sayitahminoyunu", "sayitahminoyunu\sayitahminoyunu.csproj", "{5CEB628A-E5E9-418F-A43F-0B1A2443831C}"
EndProject
Global
	GlobalSection(SolutionConfigurationPlatforms) = preSolution
		Debug|Any CPU = Debug|Any CPU
		Release|Any CPU = Release|Any CPU
	EndGlobalSection
	GlobalSection(ProjectConfigurationPlatforms) = postSolution
		{5CEB628A-E5E9-418F-A43F-0B1A2443831C}.Debug|Any CPU.ActiveCfg = Debug|Any CPU
		{5CEB628A-E5E9-418F-A43F-0B1A2443831C}.Debug|Any CPU.Build.0 = Debug|Any CPU
		{5CEB628A-E5E9-418F-A43F-0B1A2443831C}.Release|Any CPU.ActiveCfg = Release|Any CPU
		{5CEB628A-E5E9-418F-A43F-0B1A2443831C}.Release|Any CPU.Build.0 = Release|Any CPU
	EndGlobalSection
	GlobalSection(SolutionProperties) = preSolution
		HideSolutionNode = FALSE
	EndGlobalSection
	GlobalSection(ExtensibilityGlobals) = postSolution
		SolutionGuid = {669D246B-7E87-48C8-A3A3-1A3163CE4A46}
	EndGlobalSection
EndGlobal
